
Microsoft Visual Studio Solution File, Format Version 12.00
# Visual Studio 15
VisualStudioVersion = 15.0.27130.2026
MinimumVisualStudioVersion = 10.0.40219.1
Project("{FAE04EC0-301F-11D3-BF4B-00C04F79EFBC}") = "RF", "RF\RF.csproj", "{F438597A-1CFD-49B3-A67B-380A6DB56C29}"
EndProject
Global
	GlobalSection(SolutionConfigurationPlatforms) = preSolution
		Debug|Any CPU = Debug|Any CPU
		Release|Any CPU = Release|Any CPU
	EndGlobalSection
	GlobalSection(ProjectConfigurationPlatforms) = postSolution
		{F438597A-1CFD-49B3-A67B-380A6DB56C29}.Debug|Any CPU.ActiveCfg = Debug|Any CPU
		{F438597A-1CFD-49B3-A67B-380A6DB56C29}.Debug|Any CPU.Build.0 = Debug|Any CPU
		{F438597A-1CFD-49B3-A67B-380A6DB56C29}.Release|Any CPU.ActiveCfg = Release|Any CPU
		{F438597A-1CFD-49B3-A67B-380A6DB56C29}.Release|Any CPU.Build.0 = Release|Any CPU
	EndGlobalSection
	GlobalSection(SolutionProperties) = preSolution
		HideSolutionNode = FALSE
	EndGlobalSection
	GlobalSection(ExtensibilityGlobals) = postSolution
		SolutionGuid = {49B5EFD7-957E-48D8-A031-FAEC59C7A750}
	EndGlobalSection
EndGlobal
